
Microsoft Visual Studio Solution File, Format Version 12.00
# Visual Studio Version 17
VisualStudioVersion = 17.0.32014.148
MinimumVisualStudioVersion = 15.0.26124.0
Project("{FAE04EC0-301F-11D3-BF4B-00C04F79EFBC}") = "Motakim.EngineTools", "Motakim.EngineTools\Motakim.EngineTools.csproj", "{7610FA9F-BF72-4626-86F0-F4E6EE147910}"
EndProject
Project("{9A19103F-16F7-4668-BE54-9A1E7A4F7556}") = "M7K.Lib", "M7K.Lib\M7K.Lib.csproj", "{8ACF5B3E-D0AE-4536-9F71-F41549507744}"
EndProject
Project("{FAE04EC0-301F-11D3-BF4B-00C04F79EFBC}") = "Motakim", "Motakim\Motakim.csproj", "{465EB668-5635-4D21-9351-36E1B69CD10F}"
EndProject
Global
	GlobalSection(SolutionConfigurationPlatforms) = preSolution
		Debug|Any CPU = Debug|Any CPU
		Debug|x64 = Debug|x64
		Debug|x86 = Debug|x86
		Release|Any CPU = Release|Any CPU
		Release|x64 = Release|x64
		Release|x86 = Release|x86
	EndGlobalSection
	GlobalSection(ProjectConfigurationPlatforms) = postSolution
		{7610FA9F-BF72-4626-86F0-F4E6EE147910}.Debug|Any CPU.ActiveCfg = Debug|Any CPU
		{7610FA9F-BF72-4626-86F0-F4E6EE147910}.Debug|Any CPU.Build.0 = Debug|Any CPU
		{7610FA9F-BF72-4626-86F0-F4E6EE147910}.Debug|x64.ActiveCfg = Debug|Any CPU
		{7610FA9F-BF72-4626-86F0-F4E6EE147910}.Debug|x64.Build.0 = Debug|Any CPU
		{7610FA9F-BF72-4626-86F0-F4E6EE147910}.Debug|x86.ActiveCfg = Debug|Any CPU
		{7610FA9F-BF72-4626-86F0-F4E6EE147910}.Debug|x86.Build.0 = Debug|Any CPU
		{7610FA9F-BF72-4626-86F0-F4E6EE147910}.Release|Any CPU.ActiveCfg = Release|Any CPU
		{7610FA9F-BF72-4626-86F0-F4E6EE147910}.Release|Any CPU.Build.0 = Release|Any CPU
		{7610FA9F-BF72-4626-86F0-F4E6EE147910}.Release|x64.ActiveCfg = Release|Any CPU
		{7610FA9F-BF72-4626-86F0-F4E6EE147910}.Release|x64.Build.0 = Release|Any CPU
		{7610FA9F-BF72-4626-86F0-F4E6EE147910}.Release|x86.ActiveCfg = Release|Any CPU
		{7610FA9F-BF72-4626-86F0-F4E6EE147910}.Release|x86.Build.0 = Release|Any CPU
		{8ACF5B3E-D0AE-4536-9F71-F41549507744}.Debug|Any CPU.ActiveCfg = Debug|Any CPU
		{8ACF5B3E-D0AE-4536-9F71-F41549507744}.Debug|Any CPU.Build.0 = Debug|Any CPU
		{8ACF5B3E-D0AE-4536-9F71-F41549507744}.Debug|x64.ActiveCfg = Debug|Any CPU
		{8ACF5B3E-D0AE-4536-9F71-F41549507744}.Debug|x64.Build.0 = Debug|Any CPU
		{8ACF5B3E-D0AE-4536-9F71-F41549507744}.Debug|x86.ActiveCfg = Debug|Any CPU
		{8ACF5B3E-D0AE-4536-9F71-F41549507744}.Debug|x86.Build.0 = Debug|Any CPU
		{8ACF5B3E-D0AE-4536-9F71-F41549507744}.Release|Any CPU.ActiveCfg = Release|Any CPU
		{8ACF5B3E-D0AE-4536-9F71-F41549507744}.Release|Any CPU.Build.0 = Release|Any CPU
		{8ACF5B3E-D0AE-4536-9F71-F41549507744}.Release|x64.ActiveCfg = Release|Any CPU
		{8ACF5B3E-D0AE-4536-9F71-F41549507744}.Release|x64.Build.0 = Release|Any CPU
		{8ACF5B3E-D0AE-4536-9F71-F41549507744}.Release|x86.ActiveCfg = Release|Any CPU
		{8ACF5B3E-D0AE-4536-9F71-F41549507744}.Release|x86.Build.0 = Release|Any CPU
		{465EB668-5635-4D21-9351-36E1B69CD10F}.Debug|Any CPU.ActiveCfg = Debug|Any CPU
		{465EB668-5635-4D21-9351-36E1B69CD10F}.Debug|Any CPU.Build.0 = Debug|Any CPU
		{465EB668-5635-4D21-9351-36E1B69CD10F}.Debug|x64.ActiveCfg = Debug|Any CPU
		{465EB668-5635-4D21-9351-36E1B69CD10F}.Debug|x64.Build.0 = Debug|Any CPU
		{465EB668-5635-4D21-9351-36E1B69CD10F}.Debug|x86.ActiveCfg = Debug|Any CPU
		{465EB668-5635-4D21-9351-36E1B69CD10F}.Debug|x86.Build.0 = Debug|Any CPU
		{465EB668-5635-4D21-9351-36E1B69CD10F}.Release|Any CPU.ActiveCfg = Release|Any CPU
		{465EB668-5635-4D21-9351-36E1B69CD10F}.Release|Any CPU.Build.0 = Release|Any CPU
		{465EB668-5635-4D21-9351-36E1B69CD10F}.Release|x64.ActiveCfg = Release|Any CPU
		{465EB668-5635-4D21-9351-36E1B69CD10F}.Release|x64.Build.0 = Release|Any CPU
		{465EB668-5635-4D21-9351-36E1B69CD10F}.Release|x86.ActiveCfg = Release|Any CPU
		{465EB668-5635-4D21-9351-36E1B69CD10F}.Release|x86.Build.0 = Release|Any CPU
	EndGlobalSection
	GlobalSection(SolutionProperties) = preSolution
		HideSolutionNode = FALSE
	EndGlobalSection
	GlobalSection(ExtensibilityGlobals) = postSolution
		SolutionGuid = {624E5E2A-BB1D-4F35-A02F-5600C0A45442}
	EndGlobalSection
EndGlobal
