
Microsoft Visual Studio Solution File, Format Version 12.00
# Visual Studio 15
VisualStudioVersion = 15.0.26124.0
MinimumVisualStudioVersion = 15.0.26124.0
Project("{FAE04EC0-301F-11D3-BF4B-00C04F79EFBC}") = "Motakim.Editor", "Motakim.Editor\Motakim.Editor.csproj", "{CEFFF623-6A76-4344-AA35-E76BD5D5744C}"
EndProject
Project("{FAE04EC0-301F-11D3-BF4B-00C04F79EFBC}") = "Motakim.Editor.DX", "Motakim.Editor.DX\Motakim.Editor.DX.csproj", "{372F137E-C7FC-45BE-BFC6-265B8B503BE4}"
EndProject
Project("{FAE04EC0-301F-11D3-BF4B-00C04F79EFBC}") = "Motakim.Editor.GL", "Motakim.Editor.GL\Motakim.Editor.GL.csproj", "{AF46F6E7-C668-4A68-ADF6-C1EF69F37F4F}"
EndProject
Project("{FAE04EC0-301F-11D3-BF4B-00C04F79EFBC}") = "Motakim.EngineTools", "Motakim.EngineTools\Motakim.EngineTools.csproj", "{7610FA9F-BF72-4626-86F0-F4E6EE147910}"
EndProject
Project("{FAE04EC0-301F-11D3-BF4B-00C04F79EFBC}") = "M7K.Lib", "M7K.Lib\M7K.Lib.csproj", "{8ACF5B3E-D0AE-4536-9F71-F41549507744}"
EndProject
Global
	GlobalSection(SolutionConfigurationPlatforms) = preSolution
		Debug|Any CPU = Debug|Any CPU
		Debug|x64 = Debug|x64
		Debug|x86 = Debug|x86
		Release|Any CPU = Release|Any CPU
		Release|x64 = Release|x64
		Release|x86 = Release|x86
	EndGlobalSection
	GlobalSection(SolutionProperties) = preSolution
		HideSolutionNode = FALSE
	EndGlobalSection
	GlobalSection(ProjectConfigurationPlatforms) = postSolution
		{E9F1A0E4-8B5F-44E3-80EE-0BB4A0A537BD}.Debug|Any CPU.ActiveCfg = Debug|Any CPU
		{E9F1A0E4-8B5F-44E3-80EE-0BB4A0A537BD}.Debug|Any CPU.Build.0 = Debug|Any CPU
		{E9F1A0E4-8B5F-44E3-80EE-0BB4A0A537BD}.Debug|x64.ActiveCfg = Debug|Any CPU
		{E9F1A0E4-8B5F-44E3-80EE-0BB4A0A537BD}.Debug|x64.Build.0 = Debug|Any CPU
		{E9F1A0E4-8B5F-44E3-80EE-0BB4A0A537BD}.Debug|x86.ActiveCfg = Debug|Any CPU
		{E9F1A0E4-8B5F-44E3-80EE-0BB4A0A537BD}.Debug|x86.Build.0 = Debug|Any CPU
		{E9F1A0E4-8B5F-44E3-80EE-0BB4A0A537BD}.Release|Any CPU.ActiveCfg = Release|Any CPU
		{E9F1A0E4-8B5F-44E3-80EE-0BB4A0A537BD}.Release|Any CPU.Build.0 = Release|Any CPU
		{E9F1A0E4-8B5F-44E3-80EE-0BB4A0A537BD}.Release|x64.ActiveCfg = Release|Any CPU
		{E9F1A0E4-8B5F-44E3-80EE-0BB4A0A537BD}.Release|x64.Build.0 = Release|Any CPU
		{E9F1A0E4-8B5F-44E3-80EE-0BB4A0A537BD}.Release|x86.ActiveCfg = Release|Any CPU
		{E9F1A0E4-8B5F-44E3-80EE-0BB4A0A537BD}.Release|x86.Build.0 = Release|Any CPU
		{F8A343C1-59BB-43C0-B73B-D3CBA9821F94}.Debug|Any CPU.ActiveCfg = Debug|Any CPU
		{F8A343C1-59BB-43C0-B73B-D3CBA9821F94}.Debug|Any CPU.Build.0 = Debug|Any CPU
		{F8A343C1-59BB-43C0-B73B-D3CBA9821F94}.Debug|x64.ActiveCfg = Debug|Any CPU
		{F8A343C1-59BB-43C0-B73B-D3CBA9821F94}.Debug|x64.Build.0 = Debug|Any CPU
		{F8A343C1-59BB-43C0-B73B-D3CBA9821F94}.Debug|x86.ActiveCfg = Debug|Any CPU
		{F8A343C1-59BB-43C0-B73B-D3CBA9821F94}.Debug|x86.Build.0 = Debug|Any CPU
		{F8A343C1-59BB-43C0-B73B-D3CBA9821F94}.Release|Any CPU.ActiveCfg = Release|Any CPU
		{F8A343C1-59BB-43C0-B73B-D3CBA9821F94}.Release|Any CPU.Build.0 = Release|Any CPU
		{F8A343C1-59BB-43C0-B73B-D3CBA9821F94}.Release|x64.ActiveCfg = Release|Any CPU
		{F8A343C1-59BB-43C0-B73B-D3CBA9821F94}.Release|x64.Build.0 = Release|Any CPU
		{F8A343C1-59BB-43C0-B73B-D3CBA9821F94}.Release|x86.ActiveCfg = Release|Any CPU
		{F8A343C1-59BB-43C0-B73B-D3CBA9821F94}.Release|x86.Build.0 = Release|Any CPU
		{5269F65C-E0B5-4E96-A91C-0816695F2275}.Debug|Any CPU.ActiveCfg = Debug|Any CPU
		{5269F65C-E0B5-4E96-A91C-0816695F2275}.Debug|Any CPU.Build.0 = Debug|Any CPU
		{5269F65C-E0B5-4E96-A91C-0816695F2275}.Debug|x64.ActiveCfg = Debug|Any CPU
		{5269F65C-E0B5-4E96-A91C-0816695F2275}.Debug|x64.Build.0 = Debug|Any CPU
		{5269F65C-E0B5-4E96-A91C-0816695F2275}.Debug|x86.ActiveCfg = Debug|Any CPU
		{5269F65C-E0B5-4E96-A91C-0816695F2275}.Debug|x86.Build.0 = Debug|Any CPU
		{5269F65C-E0B5-4E96-A91C-0816695F2275}.Release|Any CPU.ActiveCfg = Release|Any CPU
		{5269F65C-E0B5-4E96-A91C-0816695F2275}.Release|Any CPU.Build.0 = Release|Any CPU
		{5269F65C-E0B5-4E96-A91C-0816695F2275}.Release|x64.ActiveCfg = Release|Any CPU
		{5269F65C-E0B5-4E96-A91C-0816695F2275}.Release|x64.Build.0 = Release|Any CPU
		{5269F65C-E0B5-4E96-A91C-0816695F2275}.Release|x86.ActiveCfg = Release|Any CPU
		{5269F65C-E0B5-4E96-A91C-0816695F2275}.Release|x86.Build.0 = Release|Any CPU
		{7610FA9F-BF72-4626-86F0-F4E6EE147910}.Debug|Any CPU.ActiveCfg = Debug|Any CPU
		{7610FA9F-BF72-4626-86F0-F4E6EE147910}.Debug|Any CPU.Build.0 = Debug|Any CPU
		{7610FA9F-BF72-4626-86F0-F4E6EE147910}.Debug|x64.ActiveCfg = Debug|Any CPU
		{7610FA9F-BF72-4626-86F0-F4E6EE147910}.Debug|x64.Build.0 = Debug|Any CPU
		{7610FA9F-BF72-4626-86F0-F4E6EE147910}.Debug|x86.ActiveCfg = Debug|Any CPU
		{7610FA9F-BF72-4626-86F0-F4E6EE147910}.Debug|x86.Build.0 = Debug|Any CPU
		{7610FA9F-BF72-4626-86F0-F4E6EE147910}.Release|Any CPU.ActiveCfg = Release|Any CPU
		{7610FA9F-BF72-4626-86F0-F4E6EE147910}.Release|Any CPU.Build.0 = Release|Any CPU
		{7610FA9F-BF72-4626-86F0-F4E6EE147910}.Release|x64.ActiveCfg = Release|Any CPU
		{7610FA9F-BF72-4626-86F0-F4E6EE147910}.Release|x64.Build.0 = Release|Any CPU
		{7610FA9F-BF72-4626-86F0-F4E6EE147910}.Release|x86.ActiveCfg = Release|Any CPU
		{7610FA9F-BF72-4626-86F0-F4E6EE147910}.Release|x86.Build.0 = Release|Any CPU
		{66E1CCCB-4318-4B18-BCFB-2EDC826CE2B5}.Debug|Any CPU.ActiveCfg = Debug|Any CPU
		{66E1CCCB-4318-4B18-BCFB-2EDC826CE2B5}.Debug|Any CPU.Build.0 = Debug|Any CPU
		{66E1CCCB-4318-4B18-BCFB-2EDC826CE2B5}.Debug|x64.ActiveCfg = Debug|Any CPU
		{66E1CCCB-4318-4B18-BCFB-2EDC826CE2B5}.Debug|x64.Build.0 = Debug|Any CPU
		{66E1CCCB-4318-4B18-BCFB-2EDC826CE2B5}.Debug|x86.ActiveCfg = Debug|Any CPU
		{66E1CCCB-4318-4B18-BCFB-2EDC826CE2B5}.Debug|x86.Build.0 = Debug|Any CPU
		{66E1CCCB-4318-4B18-BCFB-2EDC826CE2B5}.Release|Any CPU.ActiveCfg = Release|Any CPU
		{66E1CCCB-4318-4B18-BCFB-2EDC826CE2B5}.Release|Any CPU.Build.0 = Release|Any CPU
		{66E1CCCB-4318-4B18-BCFB-2EDC826CE2B5}.Release|x64.ActiveCfg = Release|Any CPU
		{66E1CCCB-4318-4B18-BCFB-2EDC826CE2B5}.Release|x64.Build.0 = Release|Any CPU
		{66E1CCCB-4318-4B18-BCFB-2EDC826CE2B5}.Release|x86.ActiveCfg = Release|Any CPU
		{66E1CCCB-4318-4B18-BCFB-2EDC826CE2B5}.Release|x86.Build.0 = Release|Any CPU
		{8ACF5B3E-D0AE-4536-9F71-F41549507744}.Debug|Any CPU.ActiveCfg = Debug|Any CPU
		{8ACF5B3E-D0AE-4536-9F71-F41549507744}.Debug|Any CPU.Build.0 = Debug|Any CPU
		{8ACF5B3E-D0AE-4536-9F71-F41549507744}.Debug|x64.ActiveCfg = Debug|Any CPU
		{8ACF5B3E-D0AE-4536-9F71-F41549507744}.Debug|x64.Build.0 = Debug|Any CPU
		{8ACF5B3E-D0AE-4536-9F71-F41549507744}.Debug|x86.ActiveCfg = Debug|Any CPU
		{8ACF5B3E-D0AE-4536-9F71-F41549507744}.Debug|x86.Build.0 = Debug|Any CPU
		{8ACF5B3E-D0AE-4536-9F71-F41549507744}.Release|Any CPU.ActiveCfg = Release|Any CPU
		{8ACF5B3E-D0AE-4536-9F71-F41549507744}.Release|Any CPU.Build.0 = Release|Any CPU
		{8ACF5B3E-D0AE-4536-9F71-F41549507744}.Release|x64.ActiveCfg = Release|Any CPU
		{8ACF5B3E-D0AE-4536-9F71-F41549507744}.Release|x64.Build.0 = Release|Any CPU
		{8ACF5B3E-D0AE-4536-9F71-F41549507744}.Release|x86.ActiveCfg = Release|Any CPU
		{8ACF5B3E-D0AE-4536-9F71-F41549507744}.Release|x86.Build.0 = Release|Any CPU
		{CEFFF623-6A76-4344-AA35-E76BD5D5744C}.Debug|Any CPU.ActiveCfg = Debug|Any CPU
		{CEFFF623-6A76-4344-AA35-E76BD5D5744C}.Debug|Any CPU.Build.0 = Debug|Any CPU
		{CEFFF623-6A76-4344-AA35-E76BD5D5744C}.Debug|x64.ActiveCfg = Debug|Any CPU
		{CEFFF623-6A76-4344-AA35-E76BD5D5744C}.Debug|x64.Build.0 = Debug|Any CPU
		{CEFFF623-6A76-4344-AA35-E76BD5D5744C}.Debug|x86.ActiveCfg = Debug|Any CPU
		{CEFFF623-6A76-4344-AA35-E76BD5D5744C}.Debug|x86.Build.0 = Debug|Any CPU
		{CEFFF623-6A76-4344-AA35-E76BD5D5744C}.Release|Any CPU.ActiveCfg = Release|Any CPU
		{CEFFF623-6A76-4344-AA35-E76BD5D5744C}.Release|Any CPU.Build.0 = Release|Any CPU
		{CEFFF623-6A76-4344-AA35-E76BD5D5744C}.Release|x64.ActiveCfg = Release|Any CPU
		{CEFFF623-6A76-4344-AA35-E76BD5D5744C}.Release|x64.Build.0 = Release|Any CPU
		{CEFFF623-6A76-4344-AA35-E76BD5D5744C}.Release|x86.ActiveCfg = Release|Any CPU
		{CEFFF623-6A76-4344-AA35-E76BD5D5744C}.Release|x86.Build.0 = Release|Any CPU
		{372F137E-C7FC-45BE-BFC6-265B8B503BE4}.Debug|Any CPU.ActiveCfg = Debug|Any CPU
		{372F137E-C7FC-45BE-BFC6-265B8B503BE4}.Debug|Any CPU.Build.0 = Debug|Any CPU
		{372F137E-C7FC-45BE-BFC6-265B8B503BE4}.Debug|x64.ActiveCfg = Debug|Any CPU
		{372F137E-C7FC-45BE-BFC6-265B8B503BE4}.Debug|x64.Build.0 = Debug|Any CPU
		{372F137E-C7FC-45BE-BFC6-265B8B503BE4}.Debug|x86.ActiveCfg = Debug|Any CPU
		{372F137E-C7FC-45BE-BFC6-265B8B503BE4}.Debug|x86.Build.0 = Debug|Any CPU
		{372F137E-C7FC-45BE-BFC6-265B8B503BE4}.Release|Any CPU.ActiveCfg = Release|Any CPU
		{372F137E-C7FC-45BE-BFC6-265B8B503BE4}.Release|Any CPU.Build.0 = Release|Any CPU
		{372F137E-C7FC-45BE-BFC6-265B8B503BE4}.Release|x64.ActiveCfg = Release|Any CPU
		{372F137E-C7FC-45BE-BFC6-265B8B503BE4}.Release|x64.Build.0 = Release|Any CPU
		{372F137E-C7FC-45BE-BFC6-265B8B503BE4}.Release|x86.ActiveCfg = Release|Any CPU
		{372F137E-C7FC-45BE-BFC6-265B8B503BE4}.Release|x86.Build.0 = Release|Any CPU
		{AF46F6E7-C668-4A68-ADF6-C1EF69F37F4F}.Debug|Any CPU.ActiveCfg = Debug|Any CPU
		{AF46F6E7-C668-4A68-ADF6-C1EF69F37F4F}.Debug|Any CPU.Build.0 = Debug|Any CPU
		{AF46F6E7-C668-4A68-ADF6-C1EF69F37F4F}.Debug|x64.ActiveCfg = Debug|Any CPU
		{AF46F6E7-C668-4A68-ADF6-C1EF69F37F4F}.Debug|x64.Build.0 = Debug|Any CPU
		{AF46F6E7-C668-4A68-ADF6-C1EF69F37F4F}.Debug|x86.ActiveCfg = Debug|Any CPU
		{AF46F6E7-C668-4A68-ADF6-C1EF69F37F4F}.Debug|x86.Build.0 = Debug|Any CPU
		{AF46F6E7-C668-4A68-ADF6-C1EF69F37F4F}.Release|Any CPU.ActiveCfg = Release|Any CPU
		{AF46F6E7-C668-4A68-ADF6-C1EF69F37F4F}.Release|Any CPU.Build.0 = Release|Any CPU
		{AF46F6E7-C668-4A68-ADF6-C1EF69F37F4F}.Release|x64.ActiveCfg = Release|Any CPU
		{AF46F6E7-C668-4A68-ADF6-C1EF69F37F4F}.Release|x64.Build.0 = Release|Any CPU
		{AF46F6E7-C668-4A68-ADF6-C1EF69F37F4F}.Release|x86.ActiveCfg = Release|Any CPU
		{AF46F6E7-C668-4A68-ADF6-C1EF69F37F4F}.Release|x86.Build.0 = Release|Any CPU
	EndGlobalSection
EndGlobal
