
Microsoft Visual Studio Solution File, Format Version 12.00
# Visual Studio Version 16
VisualStudioVersion = 16.0.30114.105
MinimumVisualStudioVersion = 10.0.40219.1
Project("{2150E333-8FDC-42A3-9474-1A3956D46DE8}") = "Source", "Source", "{C26FDD5D-5184-4B81-866C-C1F6ACAC68DC}"
EndProject
Project("{FAE04EC0-301F-11D3-BF4B-00C04F79EFBC}") = "Motakim.Library", "Source\Motakim.Library\Motakim.Library.csproj", "{5E2C51CB-E47B-49B6-85D8-EF3D8026B31F}"
EndProject
Global
	GlobalSection(SolutionConfigurationPlatforms) = preSolution
		Debug|Any CPU = Debug|Any CPU
		Release|Any CPU = Release|Any CPU
	EndGlobalSection
	GlobalSection(SolutionProperties) = preSolution
		HideSolutionNode = FALSE
	EndGlobalSection
	GlobalSection(ProjectConfigurationPlatforms) = postSolution
		{5E2C51CB-E47B-49B6-85D8-EF3D8026B31F}.Debug|Any CPU.ActiveCfg = Debug|Any CPU
		{5E2C51CB-E47B-49B6-85D8-EF3D8026B31F}.Debug|Any CPU.Build.0 = Debug|Any CPU
		{5E2C51CB-E47B-49B6-85D8-EF3D8026B31F}.Release|Any CPU.ActiveCfg = Release|Any CPU
		{5E2C51CB-E47B-49B6-85D8-EF3D8026B31F}.Release|Any CPU.Build.0 = Release|Any CPU
	EndGlobalSection
	GlobalSection(NestedProjects) = preSolution
		{5E2C51CB-E47B-49B6-85D8-EF3D8026B31F} = {C26FDD5D-5184-4B81-866C-C1F6ACAC68DC}
	EndGlobalSection
EndGlobal
